// !$*UTF8*$!
{
	archiveVersion = 1;
	classes = {
	};
	objectVersion = 56;
	objects = {

/* Begin PBXBuildFile section */
		F5A7B7782994CA0200700DFF /* Color+.swift in Sources */ = {isa = PBXBuildFile; fileRef = F5A7B7772994CA0200700DFF /* Color+.swift */; };
		F5B474BA2992FAB30074CB34 /* TinderDemoApp.swift in Sources */ = {isa = PBXBuildFile; fileRef = F5B474B92992FAB30074CB34 /* TinderDemoApp.swift */; };
		F5B474BC2992FAB30074CB34 /* HomeView.swift in Sources */ = {isa = PBXBuildFile; fileRef = F5B474BB2992FAB30074CB34 /* HomeView.swift */; };
		F5B474BE2992FAB50074CB34 /* Assets.xcassets in Resources */ = {isa = PBXBuildFile; fileRef = F5B474BD2992FAB50074CB34 /* Assets.xcassets */; };
		F5B474C22992FAB50074CB34 /* Preview Assets.xcassets in Resources */ = {isa = PBXBuildFile; fileRef = F5B474C12992FAB50074CB34 /* Preview Assets.xcassets */; };
		F5B474CA299305B90074CB34 /* PreviewDevice+.swift in Sources */ = {isa = PBXBuildFile; fileRef = F5B474C9299305B90074CB34 /* PreviewDevice+.swift */; };
		F5B474CD29946E460074CB34 /* CardView.swift in Sources */ = {isa = PBXBuildFile; fileRef = F5B474CC29946E460074CB34 /* CardView.swift */; };
		F5B474CF2994899A0074CB34 /* TopIconVIew.swift in Sources */ = {isa = PBXBuildFile; fileRef = F5B474CE2994899A0074CB34 /* TopIconVIew.swift */; };
		F5B474D229948A800074CB34 /* SFSymbol.swift in Sources */ = {isa = PBXBuildFile; fileRef = F5B474D129948A800074CB34 /* SFSymbol.swift */; };
		F5B474D529948ED20074CB34 /* BottomIconView.swift in Sources */ = {isa = PBXBuildFile; fileRef = F5B474D429948ED20074CB34 /* BottomIconView.swift */; };
		F5B474D829949E7A0074CB34 /* UserModel.swift in Sources */ = {isa = PBXBuildFile; fileRef = F5B474D729949E7A0074CB34 /* UserModel.swift */; };
/* End PBXBuildFile section */

/* Begin PBXFileReference section */
		F5A7B7772994CA0200700DFF /* Color+.swift */ = {isa = PBXFileReference; lastKnownFileType = sourcecode.swift; path = "Color+.swift"; sourceTree = "<group>"; };
		F5B474B62992FAB30074CB34 /* TinderDemo.app */ = {isa = PBXFileReference; explicitFileType = wrapper.application; includeInIndex = 0; path = TinderDemo.app; sourceTree = BUILT_PRODUCTS_DIR; };
		F5B474B92992FAB30074CB34 /* TinderDemoApp.swift */ = {isa = PBXFileReference; lastKnownFileType = sourcecode.swift; path = TinderDemoApp.swift; sourceTree = "<group>"; };
		F5B474BB2992FAB30074CB34 /* HomeView.swift */ = {isa = PBXFileReference; lastKnownFileType = sourcecode.swift; path = HomeView.swift; sourceTree = "<group>"; };
		F5B474BD2992FAB50074CB34 /* Assets.xcassets */ = {isa = PBXFileReference; lastKnownFileType = folder.assetcatalog; path = Assets.xcassets; sourceTree = "<group>"; };
		F5B474BF2992FAB50074CB34 /* TinderDemo.entitlements */ = {isa = PBXFileReference; lastKnownFileType = text.plist.entitlements; path = TinderDemo.entitlements; sourceTree = "<group>"; };
		F5B474C12992FAB50074CB34 /* Preview Assets.xcassets */ = {isa = PBXFileReference; lastKnownFileType = folder.assetcatalog; path = "Preview Assets.xcassets"; sourceTree = "<group>"; };
		F5B474C9299305B90074CB34 /* PreviewDevice+.swift */ = {isa = PBXFileReference; lastKnownFileType = sourcecode.swift; path = "PreviewDevice+.swift"; sourceTree = "<group>"; };
		F5B474CC29946E460074CB34 /* CardView.swift */ = {isa = PBXFileReference; lastKnownFileType = sourcecode.swift; path = CardView.swift; sourceTree = "<group>"; };
		F5B474CE2994899A0074CB34 /* TopIconVIew.swift */ = {isa = PBXFileReference; lastKnownFileType = sourcecode.swift; path = TopIconVIew.swift; sourceTree = "<group>"; };
		F5B474D129948A800074CB34 /* SFSymbol.swift */ = {isa = PBXFileReference; lastKnownFileType = sourcecode.swift; path = SFSymbol.swift; sourceTree = "<group>"; };
		F5B474D429948ED20074CB34 /* BottomIconView.swift */ = {isa = PBXFileReference; lastKnownFileType = sourcecode.swift; path = BottomIconView.swift; sourceTree = "<group>"; };
		F5B474D729949E7A0074CB34 /* UserModel.swift */ = {isa = PBXFileReference; lastKnownFileType = sourcecode.swift; path = UserModel.swift; sourceTree = "<group>"; };
/* End PBXFileReference section */

/* Begin PBXFrameworksBuildPhase section */
		F5B474B32992FAB30074CB34 /* Frameworks */ = {
			isa = PBXFrameworksBuildPhase;
			buildActionMask = 2147483647;
			files = (
			);
			runOnlyForDeploymentPostprocessing = 0;
		};
/* End PBXFrameworksBuildPhase section */

/* Begin PBXGroup section */
		F5B474AD2992FAB30074CB34 = {
			isa = PBXGroup;
			children = (
				F5B474B82992FAB30074CB34 /* TinderDemo */,
				F5B474B72992FAB30074CB34 /* Products */,
			);
			sourceTree = "<group>";
		};
		F5B474B72992FAB30074CB34 /* Products */ = {
			isa = PBXGroup;
			children = (
				F5B474B62992FAB30074CB34 /* TinderDemo.app */,
			);
			name = Products;
			sourceTree = "<group>";
		};
		F5B474B82992FAB30074CB34 /* TinderDemo */ = {
			isa = PBXGroup;
			children = (
				F5B474B92992FAB30074CB34 /* TinderDemoApp.swift */,
				F5B474D629949E5E0074CB34 /* Model */,
				F5B474CB29932F3E0074CB34 /* Views */,
				F5B474D029948A300074CB34 /* Constant */,
				F5B474C8299305940074CB34 /* Extensions */,
				F5B474BD2992FAB50074CB34 /* Assets.xcassets */,
				F5B474BF2992FAB50074CB34 /* TinderDemo.entitlements */,
				F5B474C02992FAB50074CB34 /* Preview Content */,
			);
			path = TinderDemo;
			sourceTree = "<group>";
		};
		F5B474C02992FAB50074CB34 /* Preview Content */ = {
			isa = PBXGroup;
			children = (
				F5B474C12992FAB50074CB34 /* Preview Assets.xcassets */,
			);
			path = "Preview Content";
			sourceTree = "<group>";
		};
		F5B474C8299305940074CB34 /* Extensions */ = {
			isa = PBXGroup;
			children = (
				F5B474C9299305B90074CB34 /* PreviewDevice+.swift */,
				F5A7B7772994CA0200700DFF /* Color+.swift */,
			);
			path = Extensions;
			sourceTree = "<group>";
		};
		F5B474CB29932F3E0074CB34 /* Views */ = {
			isa = PBXGroup;
			children = (
				F5B474BB2992FAB30074CB34 /* HomeView.swift */,
				F5B474D329948B4D0074CB34 /* Subview */,
			);
			path = Views;
			sourceTree = "<group>";
		};
		F5B474D029948A300074CB34 /* Constant */ = {
			isa = PBXGroup;
			children = (
				F5B474D129948A800074CB34 /* SFSymbol.swift */,
			);
			path = Constant;
			sourceTree = "<group>";
		};
		F5B474D329948B4D0074CB34 /* Subview */ = {
			isa = PBXGroup;
			children = (
				F5B474CE2994899A0074CB34 /* TopIconVIew.swift */,
				F5B474CC29946E460074CB34 /* CardView.swift */,
				F5B474D429948ED20074CB34 /* BottomIconView.swift */,
			);
			path = Subview;
			sourceTree = "<group>";
		};
		F5B474D629949E5E0074CB34 /* Model */ = {
			isa = PBXGroup;
			children = (
				F5B474D729949E7A0074CB34 /* UserModel.swift */,
			);
			path = Model;
			sourceTree = "<group>";
		};
/* End PBXGroup section */

/* Begin PBXNativeTarget section */
		F5B474B52992FAB30074CB34 /* TinderDemo */ = {
			isa = PBXNativeTarget;
			buildConfigurationList = F5B474C52992FAB50074CB34 /* Build configuration list for PBXNativeTarget "TinderDemo" */;
			buildPhases = (
				F5B474B22992FAB30074CB34 /* Sources */,
				F5B474B32992FAB30074CB34 /* Frameworks */,
				F5B474B42992FAB30074CB34 /* Resources */,
			);
			buildRules = (
			);
			dependencies = (
			);
			name = TinderDemo;
			productName = TinderDemo;
			productReference = F5B474B62992FAB30074CB34 /* TinderDemo.app */;
			productType = "com.apple.product-type.application";
		};
/* End PBXNativeTarget section */

/* Begin PBXProject section */
		F5B474AE2992FAB30074CB34 /* Project object */ = {
			isa = PBXProject;
			attributes = {
				BuildIndependentTargetsInParallel = 1;
				LastSwiftUpdateCheck = 1420;
				LastUpgradeCheck = 1420;
				TargetAttributes = {
					F5B474B52992FAB30074CB34 = {
						CreatedOnToolsVersion = 14.2;
					};
				};
			};
			buildConfigurationList = F5B474B12992FAB30074CB34 /* Build configuration list for PBXProject "TinderDemo" */;
			compatibilityVersion = "Xcode 14.0";
			developmentRegion = en;
			hasScannedForEncodings = 0;
			knownRegions = (
				en,
				Base,
			);
			mainGroup = F5B474AD2992FAB30074CB34;
			productRefGroup = F5B474B72992FAB30074CB34 /* Products */;
			projectDirPath = "";
			projectRoot = "";
			targets = (
				F5B474B52992FAB30074CB34 /* TinderDemo */,
			);
		};
/* End PBXProject section */

/* Begin PBXResourcesBuildPhase section */
		F5B474B42992FAB30074CB34 /* Resources */ = {
			isa = PBXResourcesBuildPhase;
			buildActionMask = 2147483647;
			files = (
				F5B474C22992FAB50074CB34 /* Preview Assets.xcassets in Resources */,
				F5B474BE2992FAB50074CB34 /* Assets.xcassets in Resources */,
			);
			runOnlyForDeploymentPostprocessing = 0;
		};
/* End PBXResourcesBuildPhase section */

/* Begin PBXSourcesBuildPhase section */
		F5B474B22992FAB30074CB34 /* Sources */ = {
			isa = PBXSourcesBuildPhase;
			buildActionMask = 2147483647;
			files = (
				F5B474BC2992FAB30074CB34 /* HomeView.swift in Sources */,
				F5A7B7782994CA0200700DFF /* Color+.swift in Sources */,
				F5B474CA299305B90074CB34 /* PreviewDevice+.swift in Sources */,
				F5B474D829949E7A0074CB34 /* UserModel.swift in Sources */,
				F5B474D529948ED20074CB34 /* BottomIconView.swift in Sources */,
				F5B474D229948A800074CB34 /* SFSymbol.swift in Sources */,
				F5B474CD29946E460074CB34 /* CardView.swift in Sources */,
				F5B474BA2992FAB30074CB34 /* TinderDemoApp.swift in Sources */,
				F5B474CF2994899A0074CB34 /* TopIconVIew.swift in Sources */,
			);
			runOnlyForDeploymentPostprocessing = 0;
		};
/* End PBXSourcesBuildPhase section */

/* Begin XCBuildConfiguration section */
		F5B474C32992FAB50074CB34 /* Debug */ = {
			isa = XCBuildConfiguration;
			buildSettings = {
				ALWAYS_SEARCH_USER_PATHS = NO;
				CLANG_ANALYZER_NONNULL = YES;
				CLANG_ANALYZER_NUMBER_OBJECT_CONVERSION = YES_AGGRESSIVE;
				CLANG_CXX_LANGUAGE_STANDARD = "gnu++20";
				CLANG_ENABLE_MODULES = YES;
				CLANG_ENABLE_OBJC_ARC = YES;
				CLANG_ENABLE_OBJC_WEAK = YES;
				CLANG_WARN_BLOCK_CAPTURE_AUTORELEASING = YES;
				CLANG_WARN_BOOL_CONVERSION = YES;
				CLANG_WARN_COMMA = YES;
				CLANG_WARN_CONSTANT_CONVERSION = YES;
				CLANG_WARN_DEPRECATED_OBJC_IMPLEMENTATIONS = YES;
				CLANG_WARN_DIRECT_OBJC_ISA_USAGE = YES_ERROR;
				CLANG_WARN_DOCUMENTATION_COMMENTS = YES;
				CLANG_WARN_EMPTY_BODY = YES;
				CLANG_WARN_ENUM_CONVERSION = YES;
				CLANG_WARN_INFINITE_RECURSION = YES;
				CLANG_WARN_INT_CONVERSION = YES;
				CLANG_WARN_NON_LITERAL_NULL_CONVERSION = YES;
				CLANG_WARN_OBJC_IMPLICIT_RETAIN_SELF = YES;
				CLANG_WARN_OBJC_LITERAL_CONVERSION = YES;
				CLANG_WARN_OBJC_ROOT_CLASS = YES_ERROR;
				CLANG_WARN_QUOTED_INCLUDE_IN_FRAMEWORK_HEADER = YES;
				CLANG_WARN_RANGE_LOOP_ANALYSIS = YES;
				CLANG_WARN_STRICT_PROTOTYPES = YES;
				CLANG_WARN_SUSPICIOUS_MOVE = YES;
				CLANG_WARN_UNGUARDED_AVAILABILITY = YES_AGGRESSIVE;
				CLANG_WARN_UNREACHABLE_CODE = YES;
				CLANG_WARN__DUPLICATE_METHOD_MATCH = YES;
				COPY_PHASE_STRIP = NO;
				DEBUG_INFORMATION_FORMAT = dwarf;
				ENABLE_STRICT_OBJC_MSGSEND = YES;
				ENABLE_TESTABILITY = YES;
				GCC_C_LANGUAGE_STANDARD = gnu11;
				GCC_DYNAMIC_NO_PIC = NO;
				GCC_NO_COMMON_BLOCKS = YES;
				GCC_OPTIMIZATION_LEVEL = 0;
				GCC_PREPROCESSOR_DEFINITIONS = (
					"DEBUG=1",
					"$(inherited)",
				);
				GCC_WARN_64_TO_32_BIT_CONVERSION = YES;
				GCC_WARN_ABOUT_RETURN_TYPE = YES_ERROR;
				GCC_WARN_UNDECLARED_SELECTOR = YES;
				GCC_WARN_UNINITIALIZED_AUTOS = YES_AGGRESSIVE;
				GCC_WARN_UNUSED_FUNCTION = YES;
				GCC_WARN_UNUSED_VARIABLE = YES;
				MTL_ENABLE_DEBUG_INFO = INCLUDE_SOURCE;
				MTL_FAST_MATH = YES;
				ONLY_ACTIVE_ARCH = YES;
				SWIFT_ACTIVE_COMPILATION_CONDITIONS = DEBUG;
				SWIFT_OPTIMIZATION_LEVEL = "-Onone";
			};
			name = Debug;
		};
		F5B474C42992FAB50074CB34 /* Release */ = {
			isa = XCBuildConfiguration;
			buildSettings = {
				ALWAYS_SEARCH_USER_PATHS = NO;
				CLANG_ANALYZER_NONNULL = YES;
				CLANG_ANALYZER_NUMBER_OBJECT_CONVERSION = YES_AGGRESSIVE;
				CLANG_CXX_LANGUAGE_STANDARD = "gnu++20";
				CLANG_ENABLE_MODULES = YES;
				CLANG_ENABLE_OBJC_ARC = YES;
				CLANG_ENABLE_OBJC_WEAK = YES;
				CLANG_WARN_BLOCK_CAPTURE_AUTORELEASING = YES;
				CLANG_WARN_BOOL_CONVERSION = YES;
				CLANG_WARN_COMMA = YES;
				CLANG_WARN_CONSTANT_CONVERSION = YES;
				CLANG_WARN_DEPRECATED_OBJC_IMPLEMENTATIONS = YES;
				CLANG_WARN_DIRECT_OBJC_ISA_USAGE = YES_ERROR;
				CLANG_WARN_DOCUMENTATION_COMMENTS = YES;
				CLANG_WARN_EMPTY_BODY = YES;
				CLANG_WARN_ENUM_CONVERSION = YES;
				CLANG_WARN_INFINITE_RECURSION = YES;
				CLANG_WARN_INT_CONVERSION = YES;
				CLANG_WARN_NON_LITERAL_NULL_CONVERSION = YES;
				CLANG_WARN_OBJC_IMPLICIT_RETAIN_SELF = YES;
				CLANG_WARN_OBJC_LITERAL_CONVERSION = YES;
				CLANG_WARN_OBJC_ROOT_CLASS = YES_ERROR;
				CLANG_WARN_QUOTED_INCLUDE_IN_FRAMEWORK_HEADER = YES;
				CLANG_WARN_RANGE_LOOP_ANALYSIS = YES;
				CLANG_WARN_STRICT_PROTOTYPES = YES;
				CLANG_WARN_SUSPICIOUS_MOVE = YES;
				CLANG_WARN_UNGUARDED_AVAILABILITY = YES_AGGRESSIVE;
				CLANG_WARN_UNREACHABLE_CODE = YES;
				CLANG_WARN__DUPLICATE_METHOD_MATCH = YES;
				COPY_PHASE_STRIP = NO;
				DEBUG_INFORMATION_FORMAT = "dwarf-with-dsym";
				ENABLE_NS_ASSERTIONS = NO;
				ENABLE_STRICT_OBJC_MSGSEND = YES;
				GCC_C_LANGUAGE_STANDARD = gnu11;
				GCC_NO_COMMON_BLOCKS = YES;
				GCC_WARN_64_TO_32_BIT_CONVERSION = YES;
				GCC_WARN_ABOUT_RETURN_TYPE = YES_ERROR;
				GCC_WARN_UNDECLARED_SELECTOR = YES;
				GCC_WARN_UNINITIALIZED_AUTOS = YES_AGGRESSIVE;
				GCC_WARN_UNUSED_FUNCTION = YES;
				GCC_WARN_UNUSED_VARIABLE = YES;
				MTL_ENABLE_DEBUG_INFO = NO;
				MTL_FAST_MATH = YES;
				SWIFT_COMPILATION_MODE = wholemodule;
				SWIFT_OPTIMIZATION_LEVEL = "-O";
			};
			name = Release;
		};
		F5B474C62992FAB50074CB34 /* Debug */ = {
			isa = XCBuildConfiguration;
			buildSettings = {
				ASSETCATALOG_COMPILER_APPICON_NAME = AppIcon;
				ASSETCATALOG_COMPILER_GLOBAL_ACCENT_COLOR_NAME = AccentColor;
				CODE_SIGN_ENTITLEMENTS = TinderDemo/TinderDemo.entitlements;
				CODE_SIGN_STYLE = Automatic;
				CURRENT_PROJECT_VERSION = 1;
				DEVELOPMENT_ASSET_PATHS = "\"TinderDemo/Preview Content\"";
				DEVELOPMENT_TEAM = 942H6V444Y;
				ENABLE_HARDENED_RUNTIME = YES;
				ENABLE_PREVIEWS = YES;
				GENERATE_INFOPLIST_FILE = YES;
				"INFOPLIST_KEY_UIApplicationSceneManifest_Generation[sdk=iphoneos*]" = YES;
				"INFOPLIST_KEY_UIApplicationSceneManifest_Generation[sdk=iphonesimulator*]" = YES;
				"INFOPLIST_KEY_UIApplicationSupportsIndirectInputEvents[sdk=iphoneos*]" = YES;
				"INFOPLIST_KEY_UIApplicationSupportsIndirectInputEvents[sdk=iphonesimulator*]" = YES;
				"INFOPLIST_KEY_UILaunchScreen_Generation[sdk=iphoneos*]" = YES;
				"INFOPLIST_KEY_UILaunchScreen_Generation[sdk=iphonesimulator*]" = YES;
				"INFOPLIST_KEY_UIStatusBarStyle[sdk=iphoneos*]" = UIStatusBarStyleDefault;
				"INFOPLIST_KEY_UIStatusBarStyle[sdk=iphonesimulator*]" = UIStatusBarStyleDefault;
				INFOPLIST_KEY_UISupportedInterfaceOrientations = UIInterfaceOrientationPortrait;
				IPHONEOS_DEPLOYMENT_TARGET = 16.2;
				LD_RUNPATH_SEARCH_PATHS = "@executable_path/Frameworks";
				"LD_RUNPATH_SEARCH_PATHS[sdk=macosx*]" = "@executable_path/../Frameworks";
				MACOSX_DEPLOYMENT_TARGET = 12.6;
				MARKETING_VERSION = 1.0;
				PRODUCT_BUNDLE_IDENTIFIER = com.dong.TinderDemo;
				PRODUCT_NAME = "$(TARGET_NAME)";
				SDKROOT = auto;
				SUPPORTED_PLATFORMS = "iphoneos iphonesimulator macosx";
				SWIFT_EMIT_LOC_STRINGS = YES;
				SWIFT_VERSION = 5.0;
				TARGETED_DEVICE_FAMILY = "1,2";
			};
			name = Debug;
		};
		F5B474C72992FAB50074CB34 /* Release */ = {
			isa = XCBuildConfiguration;
			buildSettings = {
				ASSETCATALOG_COMPILER_APPICON_NAME = AppIcon;
				ASSETCATALOG_COMPILER_GLOBAL_ACCENT_COLOR_NAME = AccentColor;
				CODE_SIGN_ENTITLEMENTS = TinderDemo/TinderDemo.entitlements;
				CODE_SIGN_STYLE = Automatic;
				CURRENT_PROJECT_VERSION = 1;
				DEVELOPMENT_ASSET_PATHS = "\"TinderDemo/Preview Content\"";
				DEVELOPMENT_TEAM = 942H6V444Y;
				ENABLE_HARDENED_RUNTIME = YES;
				ENABLE_PREVIEWS = YES;
				GENERATE_INFOPLIST_FILE = YES;
				"INFOPLIST_KEY_UIApplicationSceneManifest_Generation[sdk=iphoneos*]" = YES;
				"INFOPLIST_KEY_UIApplicationSceneManifest_Generation[sdk=iphonesimulator*]" = YES;
				"INFOPLIST_KEY_UIApplicationSupportsIndirectInputEvents[sdk=iphoneos*]" = YES;
				"INFOPLIST_KEY_UIApplicationSupportsIndirectInputEvents[sdk=iphonesimulator*]" = YES;
				"INFOPLIST_KEY_UILaunchScreen_Generation[sdk=iphoneos*]" = YES;
				"INFOPLIST_KEY_UILaunchScreen_Generation[sdk=iphonesimulator*]" = YES;
				"INFOPLIST_KEY_UIStatusBarStyle[sdk=iphoneos*]" = UIStatusBarStyleDefault;
				"INFOPLIST_KEY_UIStatusBarStyle[sdk=iphonesimulator*]" = UIStatusBarStyleDefault;
				INFOPLIST_KEY_UISupportedInterfaceOrientations = UIInterfaceOrientationPortrait;
				IPHONEOS_DEPLOYMENT_TARGET = 16.2;
				LD_RUNPATH_SEARCH_PATHS = "@executable_path/Frameworks";
				"LD_RUNPATH_SEARCH_PATHS[sdk=macosx*]" = "@executable_path/../Frameworks";
				MACOSX_DEPLOYMENT_TARGET = 12.6;
				MARKETING_VERSION = 1.0;
				PRODUCT_BUNDLE_IDENTIFIER = com.dong.TinderDemo;
				PRODUCT_NAME = "$(TARGET_NAME)";
				SDKROOT = auto;
				SUPPORTED_PLATFORMS = "iphoneos iphonesimulator macosx";
				SWIFT_EMIT_LOC_STRINGS = YES;
				SWIFT_VERSION = 5.0;
				TARGETED_DEVICE_FAMILY = "1,2";
			};
			name = Release;
		};
/* End XCBuildConfiguration section */

/* Begin XCConfigurationList section */
		F5B474B12992FAB30074CB34 /* Build configuration list for PBXProject "TinderDemo" */ = {
			isa = XCConfigurationList;
			buildConfigurations = (
				F5B474C32992FAB50074CB34 /* Debug */,
				F5B474C42992FAB50074CB34 /* Release */,
			);
			defaultConfigurationIsVisible = 0;
			defaultConfigurationName = Release;
		};
		F5B474C52992FAB50074CB34 /* Build configuration list for PBXNativeTarget "TinderDemo" */ = {
			isa = XCConfigurationList;
			buildConfigurations = (
				F5B474C62992FAB50074CB34 /* Debug */,
				F5B474C72992FAB50074CB34 /* Release */,
			);
			defaultConfigurationIsVisible = 0;
			defaultConfigurationName = Release;
		};
/* End XCConfigurationList section */
	};
	rootObject = F5B474AE2992FAB30074CB34 /* Project object */;
}
